
Microsoft Visual Studio Solution File, Format Version 11.00
# Visual Studio 2010
Project("{8BC9CEB8-8B4A-11D0-8D11-00A0C91BC942}") = "DuiVision_LK", "DuiVision_LK\DuiVision_LK.vcxproj", "{AF632201-9CB4-406E-8965-46908B223DAC}"
EndProject
Project("{8BC9CEB8-8B4A-11D0-8D11-00A0C91BC942}") = "DuiVision.2010", "DuiVision\DuiVision.2010.vcxproj", "{956C8DD0-B286-44FE-B190-7C3666CB6645}"
EndProject
Global
	GlobalSection(SolutionConfigurationPlatforms) = preSolution
		Debug|Win32 = Debug|Win32
		DebugMulti|Win32 = DebugMulti|Win32
		Release|Win32 = Release|Win32
		ReleaseMulti|Win32 = ReleaseMulti|Win32
		Release-StaticMFC|Win32 = Release-StaticMFC|Win32
	EndGlobalSection
	GlobalSection(ProjectConfigurationPlatforms) = postSolution
		{AF632201-9CB4-406E-8965-46908B223DAC}.Debug|Win32.ActiveCfg = Debug|Win32
		{AF632201-9CB4-406E-8965-46908B223DAC}.Debug|Win32.Build.0 = Debug|Win32
		{AF632201-9CB4-406E-8965-46908B223DAC}.DebugMulti|Win32.ActiveCfg = Debug|Win32
		{AF632201-9CB4-406E-8965-46908B223DAC}.DebugMulti|Win32.Build.0 = Debug|Win32
		{AF632201-9CB4-406E-8965-46908B223DAC}.Release|Win32.ActiveCfg = Release|Win32
		{AF632201-9CB4-406E-8965-46908B223DAC}.Release|Win32.Build.0 = Release|Win32
		{AF632201-9CB4-406E-8965-46908B223DAC}.ReleaseMulti|Win32.ActiveCfg = Release|Win32
		{AF632201-9CB4-406E-8965-46908B223DAC}.ReleaseMulti|Win32.Build.0 = Release|Win32
		{AF632201-9CB4-406E-8965-46908B223DAC}.Release-StaticMFC|Win32.ActiveCfg = Release|Win32
		{AF632201-9CB4-406E-8965-46908B223DAC}.Release-StaticMFC|Win32.Build.0 = Release|Win32
		{956C8DD0-B286-44FE-B190-7C3666CB6645}.Debug|Win32.ActiveCfg = Debug|Win32
		{956C8DD0-B286-44FE-B190-7C3666CB6645}.Debug|Win32.Build.0 = Debug|Win32
		{956C8DD0-B286-44FE-B190-7C3666CB6645}.DebugMulti|Win32.ActiveCfg = DebugMulti|Win32
		{956C8DD0-B286-44FE-B190-7C3666CB6645}.DebugMulti|Win32.Build.0 = DebugMulti|Win32
		{956C8DD0-B286-44FE-B190-7C3666CB6645}.Release|Win32.ActiveCfg = Release|Win32
		{956C8DD0-B286-44FE-B190-7C3666CB6645}.Release|Win32.Build.0 = Release|Win32
		{956C8DD0-B286-44FE-B190-7C3666CB6645}.ReleaseMulti|Win32.ActiveCfg = ReleaseMulti|Win32
		{956C8DD0-B286-44FE-B190-7C3666CB6645}.ReleaseMulti|Win32.Build.0 = ReleaseMulti|Win32
		{956C8DD0-B286-44FE-B190-7C3666CB6645}.Release-StaticMFC|Win32.ActiveCfg = Release-StaticMFC|Win32
		{956C8DD0-B286-44FE-B190-7C3666CB6645}.Release-StaticMFC|Win32.Build.0 = Release-StaticMFC|Win32
	EndGlobalSection
	GlobalSection(SolutionProperties) = preSolution
		HideSolutionNode = FALSE
	EndGlobalSection
EndGlobal
